
Microsoft Visual Studio Solution File, Format Version 12.00
# Visual Studio Version 17
VisualStudioVersion = 17.11.35208.52
MinimumVisualStudioVersion = 10.0.40219.1
Project("{FAE04EC0-301F-11D3-BF4B-00C04F79EFBC}") = "MvcCv", "MvcCv\MvcCv.csproj", "{2A2B2092-09EF-4436-AC41-0DB97D6A10BC}"
EndProject
Global
	GlobalSection(SolutionConfigurationPlatforms) = preSolution
		Debug|Any CPU = Debug|Any CPU
		Release|Any CPU = Release|Any CPU
	EndGlobalSection
	GlobalSection(ProjectConfigurationPlatforms) = postSolution
		{2A2B2092-09EF-4436-AC41-0DB97D6A10BC}.Debug|Any CPU.ActiveCfg = Debug|Any CPU
		{2A2B2092-09EF-4436-AC41-0DB97D6A10BC}.Debug|Any CPU.Build.0 = Debug|Any CPU
		{2A2B2092-09EF-4436-AC41-0DB97D6A10BC}.Release|Any CPU.ActiveCfg = Release|Any CPU
		{2A2B2092-09EF-4436-AC41-0DB97D6A10BC}.Release|Any CPU.Build.0 = Release|Any CPU
	EndGlobalSection
	GlobalSection(SolutionProperties) = preSolution
		HideSolutionNode = FALSE
	EndGlobalSection
	GlobalSection(ExtensibilityGlobals) = postSolution
		SolutionGuid = {5E4C5CC4-2A14-4649-B61B-5C83B09ED063}
	EndGlobalSection
EndGlobal
